# THIS IS AN AUTOGENERATED FILE. DO NOT EDIT THIS FILE DIRECTLY.
# yarn lockfile v1


lodash@^4.17.4, lodash@^4.2.0:
  version "4.17.4"
  resolved "https://registry.yarnpkg.com/lodash/-/lodash-4.17.4.tgz#78203a4d1c328ae1d86dca6460e369b57f4055ae"

react-dnd-html5-backend@^2.5.4:
  version "2.5.4"
  resolved "https://registry.yarnpkg.com/react-dnd-html5-backend/-/react-dnd-html5-backend-2.5.4.tgz#974ad083f67b12d56977a5b171f5ffeb29d78352"
  dependencies:
    lodash "^4.2.0"
